
Microsoft Visual Studio Solution File, Format Version 12.00
# Visual Studio 15
VisualStudioVersion = 15.0.26403.0
MinimumVisualStudioVersion = 10.0.40219.1
Project("{FAE04EC0-301F-11D3-BF4B-00C04F79EFBC}") = "NutriSenseAPI", "NutriSenseAPI\NutriSenseAPI.csproj", "{45F3047C-D77D-49E2-8063-5673A4AC15F9}"
EndProject
Project("{FAE04EC0-301F-11D3-BF4B-00C04F79EFBC}") = "DLLUtility", "DLL\DLLUtility\DLLUtility.csproj", "{8A2DEAE9-A911-4D59-AEA3-33AA0CDF27D2}"
EndProject
Project("{FAE04EC0-301F-11D3-BF4B-00C04F79EFBC}") = "DLLLogin", "DLL\DLLLogin\DLLLogin.csproj", "{6A31F079-8866-4F61-AFC2-FEE24960D93C}"
EndProject
Project("{FAE04EC0-301F-11D3-BF4B-00C04F79EFBC}") = "DLLRegistration", "DLL\DLLRegistration\DLLRegistration.csproj", "{788CED13-1230-463B-BA7A-E92F34D09FB6}"
EndProject
Project("{FAE04EC0-301F-11D3-BF4B-00C04F79EFBC}") = "DLLFamilyMember", "DLL\DLLFamilyMember\DLLFamilyMember.csproj", "{B490F6F4-CCE9-4FD0-BD50-845448D14959}"
EndProject
Project("{FAE04EC0-301F-11D3-BF4B-00C04F79EFBC}") = "DLLAuthentication", "DLL\DLLAuthentication\DLLAuthentication.csproj", "{A86395D5-F7B2-4FC3-8CB1-DF3C144D7ED9}"
EndProject
Project("{FAE04EC0-301F-11D3-BF4B-00C04F79EFBC}") = "DLLRecipeMaster", "DLL\DLLRecipeMaster\DLLRecipeMaster.csproj", "{BDD0A9C0-11A5-44F0-9976-0A9EF2C830C2}"
EndProject
Project("{FAE04EC0-301F-11D3-BF4B-00C04F79EFBC}") = "DLLIntake", "DLL\DLLIntake\DLLIntake.csproj", "{F238A4FC-EC9B-484F-A7B7-8F422C2CF1F9}"
EndProject
Project("{FAE04EC0-301F-11D3-BF4B-00C04F79EFBC}") = "DLLStudent", "DLL\DLLStudent\DLLStudent.csproj", "{43DB9202-6905-41F5-B95D-64E3B56028D1}"
EndProject
Project("{FAE04EC0-301F-11D3-BF4B-00C04F79EFBC}") = "DLLWaterIntake", "DLL\DLLWaterIntake\DLLWaterIntake.csproj", "{1D52D9B7-9E09-422F-8E04-327E39758EE4}"
EndProject
Project("{FAE04EC0-301F-11D3-BF4B-00C04F79EFBC}") = "DLLFeedback", "DLL\DLLFeedback\DLLFeedback.csproj", "{A49A6B74-C2E9-4F47-B719-476D4CA4AFDA}"
EndProject
Project("{FAE04EC0-301F-11D3-BF4B-00C04F79EFBC}") = "DLLIntakeByTable", "DLL\DLLIntakeByTable\DLLIntakeByTable.csproj", "{CB5E1731-D7C9-412D-8B72-0B7DABF0C473}"
EndProject
Project("{FAE04EC0-301F-11D3-BF4B-00C04F79EFBC}") = "DLLIntakeByDiningTable", "DLL\DLLIntakeByDiningTable\DLLIntakeByDiningTable.csproj", "{E0901383-30F4-4AA3-B5FF-91DF82FCE127}"
EndProject
Project("{FAE04EC0-301F-11D3-BF4B-00C04F79EFBC}") = "DLLMedication", "DLL\DLLMedication\DLLMedication.csproj", "{827C2835-4477-4EC2-A2C4-DF10BF2C1605}"
EndProject
Project("{FAE04EC0-301F-11D3-BF4B-00C04F79EFBC}") = "DLLHealthPrediction", "DLL\DLLHealthPrediction\DLLHealthPrediction.csproj", "{F99810A7-9966-46F5-BC62-27498C5B76E0}"
EndProject
Project("{FAE04EC0-301F-11D3-BF4B-00C04F79EFBC}") = "DLLNutritionReports", "DLL\DLLNutritionReports\DLLNutritionReports.csproj", "{29E42DBA-E0D4-4C5F-AADF-8E154E24CC2C}"
EndProject
Project("{FAE04EC0-301F-11D3-BF4B-00C04F79EFBC}") = "DLLNotification", "DLL\DLLNotification\DLLNotification.csproj", "{86BF91C3-561A-4064-B1D3-DAF3DFBD6241}"
EndProject
Project("{FAE04EC0-301F-11D3-BF4B-00C04F79EFBC}") = "DLLDietaryPreferences", "DLL\DLLDietaryPreferences\DLLDietaryPreferences.csproj", "{869E61BC-54F7-4BCC-B9E7-3F7BB3D1F20F}"
EndProject
Project("{FAE04EC0-301F-11D3-BF4B-00C04F79EFBC}") = "DLLUserProblem", "DLL\DLLUserProblem\DLLUserProblem.csproj", "{FECFA6D2-1A03-43BC-9549-C85146C17DBF}"
EndProject
Project("{FAE04EC0-301F-11D3-BF4B-00C04F79EFBC}") = "DLLUserPhysicalActivity", "DLL\DLLUserPhysicalActivity\DLLUserPhysicalActivity.csproj", "{0764C33B-A907-4A6C-A505-5E3FA58F4C3E}"
EndProject
Project("{FAE04EC0-301F-11D3-BF4B-00C04F79EFBC}") = "DLLSupplementIntake", "DLL\DLLSupplementIntake\DLLSupplementIntake.csproj", "{F6686976-2F21-4EA3-BB69-9F043882FB89}"
EndProject
Project("{FAE04EC0-301F-11D3-BF4B-00C04F79EFBC}") = "DLLNutriAnalyser", "DLL\DLLNutriAnalyser\DLLNutriAnalyser.csproj", "{CDCF6117-9ABA-4287-BA55-1B005E622E36}"
EndProject
Project("{FAE04EC0-301F-11D3-BF4B-00C04F79EFBC}") = "DLLFoodNutrientList", "DLL\DLLFoodNutrientList\DLLFoodNutrientList.csproj", "{C940CEEC-CE7F-4FB4-B853-A351844A9FC6}"
EndProject
Project("{FAE04EC0-301F-11D3-BF4B-00C04F79EFBC}") = "DLLIdealNutrientGraph", "DLL\DLLIdealNutrientGraph\DLLIdealNutrientGraph.csproj", "{AC9F830D-29E3-4717-B518-5877F8994E3D}"
EndProject
Project("{FAE04EC0-301F-11D3-BF4B-00C04F79EFBC}") = "DLLPatientProblemGraph", "DLL\DLLPatientProblemGraph\DLLPatientProblemGraph.csproj", "{387057C4-AE70-4B2E-8BB1-D48810F301E7}"
EndProject
Project("{FAE04EC0-301F-11D3-BF4B-00C04F79EFBC}") = "DLLWhatToEatNotToEat", "DLL\DLLWhatToEatNotToEat\DLLWhatToEatNotToEat.csproj", "{492CBD7A-BE8A-4EAB-92A6-778C763B92A0}"
EndProject
Project("{FAE04EC0-301F-11D3-BF4B-00C04F79EFBC}") = "DLLDeficientNutrientReport", "DLL\DLLDeficientNutritionReports\DLLDeficientNutrientReport.csproj", "{15B5BC3D-A71F-4A51-B035-E408A8231DF0}"
EndProject
Project("{FAE04EC0-301F-11D3-BF4B-00C04F79EFBC}") = "DDLCustomisedRda", "DLL\DDLCustomisedRda\DDLCustomisedRda.csproj", "{E811210E-7A71-4AC2-B266-723A8D14621D}"
EndProject
Project("{FAE04EC0-301F-11D3-BF4B-00C04F79EFBC}") = "DLLInvestigationFoodRelation", "DLL\DLLInvestigationFoodRelation\DLLInvestigationFoodRelation.csproj", "{142A7A21-686D-414B-90EA-62419341DA03}"
EndProject
Project("{FAE04EC0-301F-11D3-BF4B-00C04F79EFBC}") = "DLLNutrientAchievementReport", "DLL\DLLNutrientAchievementReport\DLLNutrientAchievementReport.csproj", "{9523AAAE-91D7-4398-B473-F18BADEDA30B}"
EndProject
Project("{FAE04EC0-301F-11D3-BF4B-00C04F79EFBC}") = "DDLSupplementOutward", "DLL\DDLSupplementOutward\DDLSupplementOutward.csproj", "{24F8C1D4-8E0D-4104-8847-24278AF0608F}"
EndProject
Project("{FAE04EC0-301F-11D3-BF4B-00C04F79EFBC}") = "DLLActivityTracking", "DLL\DLLActivityTracking\DLLActivityTracking.csproj", "{3393C064-DFFA-4893-B2A1-19FE7EA7EF33}"
EndProject
Project("{FAE04EC0-301F-11D3-BF4B-00C04F79EFBC}") = "DLLUniversal", "DLL\DLLUniversal\DLLUniversal.csproj", "{8945E4BD-FB62-499A-A754-A343DB26970D}"
EndProject
Project("{FAE04EC0-301F-11D3-BF4B-00C04F79EFBC}") = "DLLSmartTable", "DLL\DLLSmartTable\DLLSmartTable.csproj", "{FE6747C1-8E6E-4371-8DEF-E12090B01522}"
EndProject
Global
	GlobalSection(SolutionConfigurationPlatforms) = preSolution
		Debug|Any CPU = Debug|Any CPU
		Release|Any CPU = Release|Any CPU
	EndGlobalSection
	GlobalSection(ProjectConfigurationPlatforms) = postSolution
		{45F3047C-D77D-49E2-8063-5673A4AC15F9}.Debug|Any CPU.ActiveCfg = Debug|Any CPU
		{45F3047C-D77D-49E2-8063-5673A4AC15F9}.Debug|Any CPU.Build.0 = Debug|Any CPU
		{45F3047C-D77D-49E2-8063-5673A4AC15F9}.Release|Any CPU.ActiveCfg = Release|Any CPU
		{45F3047C-D77D-49E2-8063-5673A4AC15F9}.Release|Any CPU.Build.0 = Release|Any CPU
		{8A2DEAE9-A911-4D59-AEA3-33AA0CDF27D2}.Debug|Any CPU.ActiveCfg = Debug|Any CPU
		{8A2DEAE9-A911-4D59-AEA3-33AA0CDF27D2}.Debug|Any CPU.Build.0 = Debug|Any CPU
		{8A2DEAE9-A911-4D59-AEA3-33AA0CDF27D2}.Release|Any CPU.ActiveCfg = Release|Any CPU
		{8A2DEAE9-A911-4D59-AEA3-33AA0CDF27D2}.Release|Any CPU.Build.0 = Release|Any CPU
		{6A31F079-8866-4F61-AFC2-FEE24960D93C}.Debug|Any CPU.ActiveCfg = Debug|Any CPU
		{6A31F079-8866-4F61-AFC2-FEE24960D93C}.Debug|Any CPU.Build.0 = Debug|Any CPU
		{6A31F079-8866-4F61-AFC2-FEE24960D93C}.Release|Any CPU.ActiveCfg = Release|Any CPU
		{6A31F079-8866-4F61-AFC2-FEE24960D93C}.Release|Any CPU.Build.0 = Release|Any CPU
		{788CED13-1230-463B-BA7A-E92F34D09FB6}.Debug|Any CPU.ActiveCfg = Debug|Any CPU
		{788CED13-1230-463B-BA7A-E92F34D09FB6}.Debug|Any CPU.Build.0 = Debug|Any CPU
		{788CED13-1230-463B-BA7A-E92F34D09FB6}.Release|Any CPU.ActiveCfg = Release|Any CPU
		{788CED13-1230-463B-BA7A-E92F34D09FB6}.Release|Any CPU.Build.0 = Release|Any CPU
		{B490F6F4-CCE9-4FD0-BD50-845448D14959}.Debug|Any CPU.ActiveCfg = Debug|Any CPU
		{B490F6F4-CCE9-4FD0-BD50-845448D14959}.Debug|Any CPU.Build.0 = Debug|Any CPU
		{B490F6F4-CCE9-4FD0-BD50-845448D14959}.Release|Any CPU.ActiveCfg = Release|Any CPU
		{B490F6F4-CCE9-4FD0-BD50-845448D14959}.Release|Any CPU.Build.0 = Release|Any CPU
		{A86395D5-F7B2-4FC3-8CB1-DF3C144D7ED9}.Debug|Any CPU.ActiveCfg = Debug|Any CPU
		{A86395D5-F7B2-4FC3-8CB1-DF3C144D7ED9}.Debug|Any CPU.Build.0 = Debug|Any CPU
		{A86395D5-F7B2-4FC3-8CB1-DF3C144D7ED9}.Release|Any CPU.ActiveCfg = Release|Any CPU
		{A86395D5-F7B2-4FC3-8CB1-DF3C144D7ED9}.Release|Any CPU.Build.0 = Release|Any CPU
		{BDD0A9C0-11A5-44F0-9976-0A9EF2C830C2}.Debug|Any CPU.ActiveCfg = Debug|Any CPU
		{BDD0A9C0-11A5-44F0-9976-0A9EF2C830C2}.Debug|Any CPU.Build.0 = Debug|Any CPU
		{BDD0A9C0-11A5-44F0-9976-0A9EF2C830C2}.Release|Any CPU.ActiveCfg = Release|Any CPU
		{BDD0A9C0-11A5-44F0-9976-0A9EF2C830C2}.Release|Any CPU.Build.0 = Release|Any CPU
		{F238A4FC-EC9B-484F-A7B7-8F422C2CF1F9}.Debug|Any CPU.ActiveCfg = Debug|Any CPU
		{F238A4FC-EC9B-484F-A7B7-8F422C2CF1F9}.Debug|Any CPU.Build.0 = Debug|Any CPU
		{F238A4FC-EC9B-484F-A7B7-8F422C2CF1F9}.Release|Any CPU.ActiveCfg = Release|Any CPU
		{F238A4FC-EC9B-484F-A7B7-8F422C2CF1F9}.Release|Any CPU.Build.0 = Release|Any CPU
		{43DB9202-6905-41F5-B95D-64E3B56028D1}.Debug|Any CPU.ActiveCfg = Debug|Any CPU
		{43DB9202-6905-41F5-B95D-64E3B56028D1}.Debug|Any CPU.Build.0 = Debug|Any CPU
		{43DB9202-6905-41F5-B95D-64E3B56028D1}.Release|Any CPU.ActiveCfg = Release|Any CPU
		{43DB9202-6905-41F5-B95D-64E3B56028D1}.Release|Any CPU.Build.0 = Release|Any CPU
		{1D52D9B7-9E09-422F-8E04-327E39758EE4}.Debug|Any CPU.ActiveCfg = Debug|Any CPU
		{1D52D9B7-9E09-422F-8E04-327E39758EE4}.Debug|Any CPU.Build.0 = Debug|Any CPU
		{1D52D9B7-9E09-422F-8E04-327E39758EE4}.Release|Any CPU.ActiveCfg = Release|Any CPU
		{1D52D9B7-9E09-422F-8E04-327E39758EE4}.Release|Any CPU.Build.0 = Release|Any CPU
		{A49A6B74-C2E9-4F47-B719-476D4CA4AFDA}.Debug|Any CPU.ActiveCfg = Debug|Any CPU
		{A49A6B74-C2E9-4F47-B719-476D4CA4AFDA}.Debug|Any CPU.Build.0 = Debug|Any CPU
		{A49A6B74-C2E9-4F47-B719-476D4CA4AFDA}.Release|Any CPU.ActiveCfg = Release|Any CPU
		{A49A6B74-C2E9-4F47-B719-476D4CA4AFDA}.Release|Any CPU.Build.0 = Release|Any CPU
		{CB5E1731-D7C9-412D-8B72-0B7DABF0C473}.Debug|Any CPU.ActiveCfg = Debug|Any CPU
		{CB5E1731-D7C9-412D-8B72-0B7DABF0C473}.Debug|Any CPU.Build.0 = Debug|Any CPU
		{CB5E1731-D7C9-412D-8B72-0B7DABF0C473}.Release|Any CPU.ActiveCfg = Release|Any CPU
		{CB5E1731-D7C9-412D-8B72-0B7DABF0C473}.Release|Any CPU.Build.0 = Release|Any CPU
		{E0901383-30F4-4AA3-B5FF-91DF82FCE127}.Debug|Any CPU.ActiveCfg = Debug|Any CPU
		{E0901383-30F4-4AA3-B5FF-91DF82FCE127}.Debug|Any CPU.Build.0 = Debug|Any CPU
		{E0901383-30F4-4AA3-B5FF-91DF82FCE127}.Release|Any CPU.ActiveCfg = Release|Any CPU
		{E0901383-30F4-4AA3-B5FF-91DF82FCE127}.Release|Any CPU.Build.0 = Release|Any CPU
		{827C2835-4477-4EC2-A2C4-DF10BF2C1605}.Debug|Any CPU.ActiveCfg = Debug|Any CPU
		{827C2835-4477-4EC2-A2C4-DF10BF2C1605}.Debug|Any CPU.Build.0 = Debug|Any CPU
		{827C2835-4477-4EC2-A2C4-DF10BF2C1605}.Release|Any CPU.ActiveCfg = Release|Any CPU
		{827C2835-4477-4EC2-A2C4-DF10BF2C1605}.Release|Any CPU.Build.0 = Release|Any CPU
		{F99810A7-9966-46F5-BC62-27498C5B76E0}.Debug|Any CPU.ActiveCfg = Debug|Any CPU
		{F99810A7-9966-46F5-BC62-27498C5B76E0}.Debug|Any CPU.Build.0 = Debug|Any CPU
		{F99810A7-9966-46F5-BC62-27498C5B76E0}.Release|Any CPU.ActiveCfg = Release|Any CPU
		{F99810A7-9966-46F5-BC62-27498C5B76E0}.Release|Any CPU.Build.0 = Release|Any CPU
		{29E42DBA-E0D4-4C5F-AADF-8E154E24CC2C}.Debug|Any CPU.ActiveCfg = Debug|Any CPU
		{29E42DBA-E0D4-4C5F-AADF-8E154E24CC2C}.Debug|Any CPU.Build.0 = Debug|Any CPU
		{29E42DBA-E0D4-4C5F-AADF-8E154E24CC2C}.Release|Any CPU.ActiveCfg = Release|Any CPU
		{29E42DBA-E0D4-4C5F-AADF-8E154E24CC2C}.Release|Any CPU.Build.0 = Release|Any CPU
		{86BF91C3-561A-4064-B1D3-DAF3DFBD6241}.Debug|Any CPU.ActiveCfg = Debug|Any CPU
		{86BF91C3-561A-4064-B1D3-DAF3DFBD6241}.Debug|Any CPU.Build.0 = Debug|Any CPU
		{86BF91C3-561A-4064-B1D3-DAF3DFBD6241}.Release|Any CPU.ActiveCfg = Release|Any CPU
		{86BF91C3-561A-4064-B1D3-DAF3DFBD6241}.Release|Any CPU.Build.0 = Release|Any CPU
		{869E61BC-54F7-4BCC-B9E7-3F7BB3D1F20F}.Debug|Any CPU.ActiveCfg = Debug|Any CPU
		{869E61BC-54F7-4BCC-B9E7-3F7BB3D1F20F}.Debug|Any CPU.Build.0 = Debug|Any CPU
		{869E61BC-54F7-4BCC-B9E7-3F7BB3D1F20F}.Release|Any CPU.ActiveCfg = Release|Any CPU
		{869E61BC-54F7-4BCC-B9E7-3F7BB3D1F20F}.Release|Any CPU.Build.0 = Release|Any CPU
		{FECFA6D2-1A03-43BC-9549-C85146C17DBF}.Debug|Any CPU.ActiveCfg = Debug|Any CPU
		{FECFA6D2-1A03-43BC-9549-C85146C17DBF}.Debug|Any CPU.Build.0 = Debug|Any CPU
		{FECFA6D2-1A03-43BC-9549-C85146C17DBF}.Release|Any CPU.ActiveCfg = Release|Any CPU
		{FECFA6D2-1A03-43BC-9549-C85146C17DBF}.Release|Any CPU.Build.0 = Release|Any CPU
		{0764C33B-A907-4A6C-A505-5E3FA58F4C3E}.Debug|Any CPU.ActiveCfg = Debug|Any CPU
		{0764C33B-A907-4A6C-A505-5E3FA58F4C3E}.Debug|Any CPU.Build.0 = Debug|Any CPU
		{0764C33B-A907-4A6C-A505-5E3FA58F4C3E}.Release|Any CPU.ActiveCfg = Release|Any CPU
		{0764C33B-A907-4A6C-A505-5E3FA58F4C3E}.Release|Any CPU.Build.0 = Release|Any CPU
		{F6686976-2F21-4EA3-BB69-9F043882FB89}.Debug|Any CPU.ActiveCfg = Debug|Any CPU
		{F6686976-2F21-4EA3-BB69-9F043882FB89}.Debug|Any CPU.Build.0 = Debug|Any CPU
		{F6686976-2F21-4EA3-BB69-9F043882FB89}.Release|Any CPU.ActiveCfg = Release|Any CPU
		{F6686976-2F21-4EA3-BB69-9F043882FB89}.Release|Any CPU.Build.0 = Release|Any CPU
		{CDCF6117-9ABA-4287-BA55-1B005E622E36}.Debug|Any CPU.ActiveCfg = Debug|Any CPU
		{CDCF6117-9ABA-4287-BA55-1B005E622E36}.Debug|Any CPU.Build.0 = Debug|Any CPU
		{CDCF6117-9ABA-4287-BA55-1B005E622E36}.Release|Any CPU.ActiveCfg = Release|Any CPU
		{CDCF6117-9ABA-4287-BA55-1B005E622E36}.Release|Any CPU.Build.0 = Release|Any CPU
		{C940CEEC-CE7F-4FB4-B853-A351844A9FC6}.Debug|Any CPU.ActiveCfg = Debug|Any CPU
		{C940CEEC-CE7F-4FB4-B853-A351844A9FC6}.Debug|Any CPU.Build.0 = Debug|Any CPU
		{C940CEEC-CE7F-4FB4-B853-A351844A9FC6}.Release|Any CPU.ActiveCfg = Release|Any CPU
		{C940CEEC-CE7F-4FB4-B853-A351844A9FC6}.Release|Any CPU.Build.0 = Release|Any CPU
		{AC9F830D-29E3-4717-B518-5877F8994E3D}.Debug|Any CPU.ActiveCfg = Debug|Any CPU
		{AC9F830D-29E3-4717-B518-5877F8994E3D}.Debug|Any CPU.Build.0 = Debug|Any CPU
		{AC9F830D-29E3-4717-B518-5877F8994E3D}.Release|Any CPU.ActiveCfg = Release|Any CPU
		{AC9F830D-29E3-4717-B518-5877F8994E3D}.Release|Any CPU.Build.0 = Release|Any CPU
		{387057C4-AE70-4B2E-8BB1-D48810F301E7}.Debug|Any CPU.ActiveCfg = Debug|Any CPU
		{387057C4-AE70-4B2E-8BB1-D48810F301E7}.Debug|Any CPU.Build.0 = Debug|Any CPU
		{387057C4-AE70-4B2E-8BB1-D48810F301E7}.Release|Any CPU.ActiveCfg = Release|Any CPU
		{387057C4-AE70-4B2E-8BB1-D48810F301E7}.Release|Any CPU.Build.0 = Release|Any CPU
		{492CBD7A-BE8A-4EAB-92A6-778C763B92A0}.Debug|Any CPU.ActiveCfg = Debug|Any CPU
		{492CBD7A-BE8A-4EAB-92A6-778C763B92A0}.Debug|Any CPU.Build.0 = Debug|Any CPU
		{492CBD7A-BE8A-4EAB-92A6-778C763B92A0}.Release|Any CPU.ActiveCfg = Release|Any CPU
		{492CBD7A-BE8A-4EAB-92A6-778C763B92A0}.Release|Any CPU.Build.0 = Release|Any CPU
		{15B5BC3D-A71F-4A51-B035-E408A8231DF0}.Debug|Any CPU.ActiveCfg = Debug|Any CPU
		{15B5BC3D-A71F-4A51-B035-E408A8231DF0}.Debug|Any CPU.Build.0 = Debug|Any CPU
		{15B5BC3D-A71F-4A51-B035-E408A8231DF0}.Release|Any CPU.ActiveCfg = Release|Any CPU
		{15B5BC3D-A71F-4A51-B035-E408A8231DF0}.Release|Any CPU.Build.0 = Release|Any CPU
		{E811210E-7A71-4AC2-B266-723A8D14621D}.Debug|Any CPU.ActiveCfg = Debug|Any CPU
		{E811210E-7A71-4AC2-B266-723A8D14621D}.Debug|Any CPU.Build.0 = Debug|Any CPU
		{E811210E-7A71-4AC2-B266-723A8D14621D}.Release|Any CPU.ActiveCfg = Release|Any CPU
		{E811210E-7A71-4AC2-B266-723A8D14621D}.Release|Any CPU.Build.0 = Release|Any CPU
		{142A7A21-686D-414B-90EA-62419341DA03}.Debug|Any CPU.ActiveCfg = Debug|Any CPU
		{142A7A21-686D-414B-90EA-62419341DA03}.Debug|Any CPU.Build.0 = Debug|Any CPU
		{142A7A21-686D-414B-90EA-62419341DA03}.Release|Any CPU.ActiveCfg = Release|Any CPU
		{142A7A21-686D-414B-90EA-62419341DA03}.Release|Any CPU.Build.0 = Release|Any CPU
		{9523AAAE-91D7-4398-B473-F18BADEDA30B}.Debug|Any CPU.ActiveCfg = Debug|Any CPU
		{9523AAAE-91D7-4398-B473-F18BADEDA30B}.Debug|Any CPU.Build.0 = Debug|Any CPU
		{9523AAAE-91D7-4398-B473-F18BADEDA30B}.Release|Any CPU.ActiveCfg = Release|Any CPU
		{9523AAAE-91D7-4398-B473-F18BADEDA30B}.Release|Any CPU.Build.0 = Release|Any CPU
		{24F8C1D4-8E0D-4104-8847-24278AF0608F}.Debug|Any CPU.ActiveCfg = Debug|Any CPU
		{24F8C1D4-8E0D-4104-8847-24278AF0608F}.Debug|Any CPU.Build.0 = Debug|Any CPU
		{24F8C1D4-8E0D-4104-8847-24278AF0608F}.Release|Any CPU.ActiveCfg = Release|Any CPU
		{24F8C1D4-8E0D-4104-8847-24278AF0608F}.Release|Any CPU.Build.0 = Release|Any CPU
		{3393C064-DFFA-4893-B2A1-19FE7EA7EF33}.Debug|Any CPU.ActiveCfg = Debug|Any CPU
		{3393C064-DFFA-4893-B2A1-19FE7EA7EF33}.Debug|Any CPU.Build.0 = Debug|Any CPU
		{3393C064-DFFA-4893-B2A1-19FE7EA7EF33}.Release|Any CPU.ActiveCfg = Release|Any CPU
		{3393C064-DFFA-4893-B2A1-19FE7EA7EF33}.Release|Any CPU.Build.0 = Release|Any CPU
		{8945E4BD-FB62-499A-A754-A343DB26970D}.Debug|Any CPU.ActiveCfg = Debug|Any CPU
		{8945E4BD-FB62-499A-A754-A343DB26970D}.Debug|Any CPU.Build.0 = Debug|Any CPU
		{8945E4BD-FB62-499A-A754-A343DB26970D}.Release|Any CPU.ActiveCfg = Release|Any CPU
		{8945E4BD-FB62-499A-A754-A343DB26970D}.Release|Any CPU.Build.0 = Release|Any CPU
		{FE6747C1-8E6E-4371-8DEF-E12090B01522}.Debug|Any CPU.ActiveCfg = Debug|Any CPU
		{FE6747C1-8E6E-4371-8DEF-E12090B01522}.Debug|Any CPU.Build.0 = Debug|Any CPU
		{FE6747C1-8E6E-4371-8DEF-E12090B01522}.Release|Any CPU.ActiveCfg = Release|Any CPU
		{FE6747C1-8E6E-4371-8DEF-E12090B01522}.Release|Any CPU.Build.0 = Release|Any CPU
	EndGlobalSection
	GlobalSection(SolutionProperties) = preSolution
		HideSolutionNode = FALSE
	EndGlobalSection
	GlobalSection(ExtensibilityGlobals) = postSolution
		SolutionGuid = {3161DE5A-854F-4910-9348-947D41D7B125}
	EndGlobalSection
EndGlobal
